// !$*UTF8*$!
{
	archiveVersion = 1;
	classes = {
	};
	objectVersion = 51;
	objects = {

/* Begin PBXBuildFile section */
		25E5050528DB6B2C0A52CD8E /* Pods_EcoNews.framework in Frameworks */ = {isa = PBXBuildFile; fileRef = 473BA3615631C5BB373693DC /* Pods_EcoNews.framework */; };
		5BF6FD252557247B00D0E8A4 /* GoogleService-Info.plist in Resources */ = {isa = PBXBuildFile; fileRef = 5BF6FD242557247B00D0E8A4 /* GoogleService-Info.plist */; };
		9C3A58562556A8F800DB29E0 /* AppDelegate.swift in Sources */ = {isa = PBXBuildFile; fileRef = 9C3A58552556A8F800DB29E0 /* AppDelegate.swift */; };
		9C3A585F2556A8FA00DB29E0 /* Assets.xcassets in Resources */ = {isa = PBXBuildFile; fileRef = 9C3A585E2556A8FA00DB29E0 /* Assets.xcassets */; };
		9C3A853025A1253800D7950D /* Welcome.storyboard in Resources */ = {isa = PBXBuildFile; fileRef = 9C3A852F25A1253800D7950D /* Welcome.storyboard */; };
		9C3A854F25A139D400D7950D /* SignUp.storyboard in Resources */ = {isa = PBXBuildFile; fileRef = 9C3A854E25A139D400D7950D /* SignUp.storyboard */; };
		9C3A855325A13C9F00D7950D /* Profile.storyboard in Resources */ = {isa = PBXBuildFile; fileRef = 9C3A855225A13C9F00D7950D /* Profile.storyboard */; };
		9C3A855725A1455F00D7950D /* TabBar.storyboard in Resources */ = {isa = PBXBuildFile; fileRef = 9C3A855625A1455F00D7950D /* TabBar.storyboard */; };
		9C3A855A25A14ECF00D7950D /* Map.storyboard in Resources */ = {isa = PBXBuildFile; fileRef = 9C3A855925A14ECF00D7950D /* Map.storyboard */; };
		9C3A855E25A150C700D7950D /* Authorization.storyboard in Resources */ = {isa = PBXBuildFile; fileRef = 9C3A855D25A150C700D7950D /* Authorization.storyboard */; };
		9CC661D2259930E8006E08FC /* AuthorizationViewController.swift in Sources */ = {isa = PBXBuildFile; fileRef = 9CC661CC259930E8006E08FC /* AuthorizationViewController.swift */; };
		9CC661D4259930E8006E08FC /* SignUpControllerView.swift in Sources */ = {isa = PBXBuildFile; fileRef = 9CC661CE259930E8006E08FC /* SignUpControllerView.swift */; };
		9CC661D5259930E8006E08FC /* WelcomePageViewController.swift in Sources */ = {isa = PBXBuildFile; fileRef = 9CC661CF259930E8006E08FC /* WelcomePageViewController.swift */; };
		9CC661DE25993101006E08FC /* MapViewController.swift in Sources */ = {isa = PBXBuildFile; fileRef = 9CC661DC25993101006E08FC /* MapViewController.swift */; };
		9CC661ED2599316E006E08FC /* ProfileViewController.swift in Sources */ = {isa = PBXBuildFile; fileRef = 9CC661EB2599316E006E08FC /* ProfileViewController.swift */; };
		9CC8EB4C259CE8C8009689E3 /* PartsOfNews.swift in Sources */ = {isa = PBXBuildFile; fileRef = 9CC8EB4B259CE8C8009689E3 /* PartsOfNews.swift */; };
		9CC8EB82259D30DB009689E3 /* NewsLocation.swift in Sources */ = {isa = PBXBuildFile; fileRef = 9CC8EB81259D30DB009689E3 /* NewsLocation.swift */; };
		9CC8EB88259D3338009689E3 /* NewsViewController.swift in Sources */ = {isa = PBXBuildFile; fileRef = 9CC8EB86259D3338009689E3 /* NewsViewController.swift */; };
		9CC8EB93259D35CA009689E3 /* News.storyboard in Resources */ = {isa = PBXBuildFile; fileRef = 9CC8EB95259D35CA009689E3 /* News.storyboard */; };
/* End PBXBuildFile section */

/* Begin PBXFileReference section */
		473BA3615631C5BB373693DC /* Pods_EcoNews.framework */ = {isa = PBXFileReference; explicitFileType = wrapper.framework; includeInIndex = 0; path = Pods_EcoNews.framework; sourceTree = BUILT_PRODUCTS_DIR; };
		5BF6FD242557247B00D0E8A4 /* GoogleService-Info.plist */ = {isa = PBXFileReference; fileEncoding = 4; lastKnownFileType = text.plist.xml; path = "GoogleService-Info.plist"; sourceTree = "<group>"; };
		7086BF47E1E672F2ABFBE096 /* Pods-EcoNews.release.xcconfig */ = {isa = PBXFileReference; includeInIndex = 1; lastKnownFileType = text.xcconfig; name = "Pods-EcoNews.release.xcconfig"; path = "Target Support Files/Pods-EcoNews/Pods-EcoNews.release.xcconfig"; sourceTree = "<group>"; };
		9C3A58522556A8F800DB29E0 /* EcoNews.app */ = {isa = PBXFileReference; explicitFileType = wrapper.application; includeInIndex = 0; path = EcoNews.app; sourceTree = BUILT_PRODUCTS_DIR; };
		9C3A58552556A8F800DB29E0 /* AppDelegate.swift */ = {isa = PBXFileReference; lastKnownFileType = sourcecode.swift; path = AppDelegate.swift; sourceTree = "<group>"; };
		9C3A585E2556A8FA00DB29E0 /* Assets.xcassets */ = {isa = PBXFileReference; lastKnownFileType = folder.assetcatalog; path = Assets.xcassets; sourceTree = "<group>"; };
		9C3A58632556A8FA00DB29E0 /* Info.plist */ = {isa = PBXFileReference; lastKnownFileType = text.plist.xml; path = Info.plist; sourceTree = "<group>"; };
		9C3A852F25A1253800D7950D /* Welcome.storyboard */ = {isa = PBXFileReference; lastKnownFileType = file.storyboard; path = Welcome.storyboard; sourceTree = "<group>"; };
		9C3A854E25A139D400D7950D /* SignUp.storyboard */ = {isa = PBXFileReference; lastKnownFileType = file.storyboard; path = SignUp.storyboard; sourceTree = "<group>"; };
		9C3A855225A13C9F00D7950D /* Profile.storyboard */ = {isa = PBXFileReference; lastKnownFileType = file.storyboard; path = Profile.storyboard; sourceTree = "<group>"; };
		9C3A855625A1455F00D7950D /* TabBar.storyboard */ = {isa = PBXFileReference; lastKnownFileType = file.storyboard; path = TabBar.storyboard; sourceTree = "<group>"; };
		9C3A855925A14ECF00D7950D /* Map.storyboard */ = {isa = PBXFileReference; lastKnownFileType = file.storyboard; path = Map.storyboard; sourceTree = "<group>"; };
		9C3A855D25A150C700D7950D /* Authorization.storyboard */ = {isa = PBXFileReference; lastKnownFileType = file.storyboard; path = Authorization.storyboard; sourceTree = "<group>"; };
		9CC661CC259930E8006E08FC /* AuthorizationViewController.swift */ = {isa = PBXFileReference; fileEncoding = 4; lastKnownFileType = sourcecode.swift; path = AuthorizationViewController.swift; sourceTree = "<group>"; };
		9CC661CE259930E8006E08FC /* SignUpControllerView.swift */ = {isa = PBXFileReference; fileEncoding = 4; lastKnownFileType = sourcecode.swift; path = SignUpControllerView.swift; sourceTree = "<group>"; };
		9CC661CF259930E8006E08FC /* WelcomePageViewController.swift */ = {isa = PBXFileReference; fileEncoding = 4; lastKnownFileType = sourcecode.swift; path = WelcomePageViewController.swift; sourceTree = "<group>"; };
		9CC661DC25993101006E08FC /* MapViewController.swift */ = {isa = PBXFileReference; fileEncoding = 4; lastKnownFileType = sourcecode.swift; path = MapViewController.swift; sourceTree = "<group>"; };
		9CC661EB2599316E006E08FC /* ProfileViewController.swift */ = {isa = PBXFileReference; fileEncoding = 4; lastKnownFileType = sourcecode.swift; path = ProfileViewController.swift; sourceTree = "<group>"; };
		9CC8EB4B259CE8C8009689E3 /* PartsOfNews.swift */ = {isa = PBXFileReference; lastKnownFileType = sourcecode.swift; path = PartsOfNews.swift; sourceTree = "<group>"; };
		9CC8EB81259D30DB009689E3 /* NewsLocation.swift */ = {isa = PBXFileReference; lastKnownFileType = sourcecode.swift; path = NewsLocation.swift; sourceTree = "<group>"; };
		9CC8EB86259D3338009689E3 /* NewsViewController.swift */ = {isa = PBXFileReference; lastKnownFileType = sourcecode.swift; path = NewsViewController.swift; sourceTree = "<group>"; };
		9CC8EB94259D35CA009689E3 /* Base */ = {isa = PBXFileReference; lastKnownFileType = file.storyboard; name = Base; path = Base.lproj/News.storyboard; sourceTree = "<group>"; };
		F79222B7078F38E6F5636C05 /* Pods-EcoNews.debug.xcconfig */ = {isa = PBXFileReference; includeInIndex = 1; lastKnownFileType = text.xcconfig; name = "Pods-EcoNews.debug.xcconfig"; path = "Target Support Files/Pods-EcoNews/Pods-EcoNews.debug.xcconfig"; sourceTree = "<group>"; };
/* End PBXFileReference section */

/* Begin PBXFrameworksBuildPhase section */
		9C3A584F2556A8F800DB29E0 /* Frameworks */ = {
			isa = PBXFrameworksBuildPhase;
			buildActionMask = 2147483647;
			files = (
				25E5050528DB6B2C0A52CD8E /* Pods_EcoNews.framework in Frameworks */,
			);
			runOnlyForDeploymentPostprocessing = 0;
		};
/* End PBXFrameworksBuildPhase section */

/* Begin PBXGroup section */
		40FD60608CB96B61188C9E27 /* Pods */ = {
			isa = PBXGroup;
			children = (
				F79222B7078F38E6F5636C05 /* Pods-EcoNews.debug.xcconfig */,
				7086BF47E1E672F2ABFBE096 /* Pods-EcoNews.release.xcconfig */,
			);
			path = Pods;
			sourceTree = "<group>";
		};
		7F4F09CF61913D26C692ABCE /* Frameworks */ = {
			isa = PBXGroup;
			children = (
				473BA3615631C5BB373693DC /* Pods_EcoNews.framework */,
			);
			name = Frameworks;
			sourceTree = "<group>";
		};
		9C3A58492556A8F800DB29E0 = {
			isa = PBXGroup;
			children = (
				9C3A58542556A8F800DB29E0 /* EcoNews */,
				9C3A58532556A8F800DB29E0 /* Products */,
				40FD60608CB96B61188C9E27 /* Pods */,
				7F4F09CF61913D26C692ABCE /* Frameworks */,
			);
			sourceTree = "<group>";
		};
		9C3A58532556A8F800DB29E0 /* Products */ = {
			isa = PBXGroup;
			children = (
				9C3A58522556A8F800DB29E0 /* EcoNews.app */,
			);
			name = Products;
			sourceTree = "<group>";
		};
		9C3A58542556A8F800DB29E0 /* EcoNews */ = {
			isa = PBXGroup;
			children = (
				9C3A585E2556A8FA00DB29E0 /* Assets.xcassets */,
				5BF6FD242557247B00D0E8A4 /* GoogleService-Info.plist */,
				9C3A58632556A8FA00DB29E0 /* Info.plist */,
				9CC661CA259930E8006E08FC /* ScreenAuthorization */,
				9CC661DB25993101006E08FC /* MapScreen */,
				9CC661E125993166006E08FC /* NewsScreen */,
				9CC661E92599316E006E08FC /* ProfileScreen */,
				9C3A58552556A8F800DB29E0 /* AppDelegate.swift */,
				9C3A855625A1455F00D7950D /* TabBar.storyboard */,
			);
			path = EcoNews;
			sourceTree = "<group>";
		};
		9CC661CA259930E8006E08FC /* ScreenAuthorization */ = {
			isa = PBXGroup;
			children = (
				9CC661CC259930E8006E08FC /* AuthorizationViewController.swift */,
				9C3A855D25A150C700D7950D /* Authorization.storyboard */,
				9CC661CE259930E8006E08FC /* SignUpControllerView.swift */,
				9C3A854E25A139D400D7950D /* SignUp.storyboard */,
				9CC661CF259930E8006E08FC /* WelcomePageViewController.swift */,
				9C3A852F25A1253800D7950D /* Welcome.storyboard */,
			);
			path = ScreenAuthorization;
			sourceTree = "<group>";
		};
		9CC661DB25993101006E08FC /* MapScreen */ = {
			isa = PBXGroup;
			children = (
				9CC661DC25993101006E08FC /* MapViewController.swift */,
				9CC8EB81259D30DB009689E3 /* NewsLocation.swift */,
				9C3A855925A14ECF00D7950D /* Map.storyboard */,
			);
			name = MapScreen;
			path = EcoNews/MapScreen;
			sourceTree = SOURCE_ROOT;
		};
		9CC661E125993166006E08FC /* NewsScreen */ = {
			isa = PBXGroup;
			children = (
				9CC8EB4B259CE8C8009689E3 /* PartsOfNews.swift */,
				9CC8EB86259D3338009689E3 /* NewsViewController.swift */,
				9CC8EB95259D35CA009689E3 /* News.storyboard */,
			);
			path = NewsScreen;
			sourceTree = "<group>";
		};
		9CC661E92599316E006E08FC /* ProfileScreen */ = {
			isa = PBXGroup;
			children = (
				9CC661EB2599316E006E08FC /* ProfileViewController.swift */,
				9C3A855225A13C9F00D7950D /* Profile.storyboard */,
			);
			path = ProfileScreen;
			sourceTree = "<group>";
		};
/* End PBXGroup section */

/* Begin PBXNativeTarget section */
		9C3A58512556A8F800DB29E0 /* EcoNews */ = {
			isa = PBXNativeTarget;
			buildConfigurationList = 9C3A58662556A8FA00DB29E0 /* Build configuration list for PBXNativeTarget "EcoNews" */;
			buildPhases = (
				504C580AC2A3AADF5656BB29 /* [CP] Check Pods Manifest.lock */,
				9C3A584E2556A8F800DB29E0 /* Sources */,
				9C3A584F2556A8F800DB29E0 /* Frameworks */,
				9C3A58502556A8F800DB29E0 /* Resources */,
				C5AF10B412C7DB9332258008 /* [CP] Embed Pods Frameworks */,
			);
			buildRules = (
			);
			dependencies = (
			);
			name = EcoNews;
			productName = EcoNews;
			productReference = 9C3A58522556A8F800DB29E0 /* EcoNews.app */;
			productType = "com.apple.product-type.application";
		};
/* End PBXNativeTarget section */

/* Begin PBXProject section */
		9C3A584A2556A8F800DB29E0 /* Project object */ = {
			isa = PBXProject;
			attributes = {
				LastSwiftUpdateCheck = 1210;
				LastUpgradeCheck = 1210;
				TargetAttributes = {
					9C3A58512556A8F800DB29E0 = {
						CreatedOnToolsVersion = 12.1;
					};
				};
			};
			buildConfigurationList = 9C3A584D2556A8F800DB29E0 /* Build configuration list for PBXProject "EcoNews" */;
			compatibilityVersion = "Xcode 9.3";
			developmentRegion = en;
			hasScannedForEncodings = 0;
			knownRegions = (
				en,
				Base,
			);
			mainGroup = 9C3A58492556A8F800DB29E0;
			productRefGroup = 9C3A58532556A8F800DB29E0 /* Products */;
			projectDirPath = "";
			projectRoot = "";
			targets = (
				9C3A58512556A8F800DB29E0 /* EcoNews */,
			);
		};
/* End PBXProject section */

/* Begin PBXResourcesBuildPhase section */
		9C3A58502556A8F800DB29E0 /* Resources */ = {
			isa = PBXResourcesBuildPhase;
			buildActionMask = 2147483647;
			files = (
				5BF6FD252557247B00D0E8A4 /* GoogleService-Info.plist in Resources */,
				9C3A855725A1455F00D7950D /* TabBar.storyboard in Resources */,
				9C3A854F25A139D400D7950D /* SignUp.storyboard in Resources */,
				9CC8EB93259D35CA009689E3 /* News.storyboard in Resources */,
				9C3A585F2556A8FA00DB29E0 /* Assets.xcassets in Resources */,
				9C3A853025A1253800D7950D /* Welcome.storyboard in Resources */,
				9C3A855E25A150C700D7950D /* Authorization.storyboard in Resources */,
				9C3A855325A13C9F00D7950D /* Profile.storyboard in Resources */,
				9C3A855A25A14ECF00D7950D /* Map.storyboard in Resources */,
			);
			runOnlyForDeploymentPostprocessing = 0;
		};
/* End PBXResourcesBuildPhase section */

/* Begin PBXShellScriptBuildPhase section */
		504C580AC2A3AADF5656BB29 /* [CP] Check Pods Manifest.lock */ = {
			isa = PBXShellScriptBuildPhase;
			buildActionMask = 2147483647;
			files = (
			);
			inputFileListPaths = (
			);
			inputPaths = (
				"${PODS_PODFILE_DIR_PATH}/Podfile.lock",
				"${PODS_ROOT}/Manifest.lock",
			);
			name = "[CP] Check Pods Manifest.lock";
			outputFileListPaths = (
			);
			outputPaths = (
				"$(DERIVED_FILE_DIR)/Pods-EcoNews-checkManifestLockResult.txt",
			);
			runOnlyForDeploymentPostprocessing = 0;
			shellPath = /bin/sh;
			shellScript = "diff \"${PODS_PODFILE_DIR_PATH}/Podfile.lock\" \"${PODS_ROOT}/Manifest.lock\" > /dev/null\nif [ $? != 0 ] ; then\n    # print error to STDERR\n    echo \"error: The sandbox is not in sync with the Podfile.lock. Run 'pod install' or update your CocoaPods installation.\" >&2\n    exit 1\nfi\n# This output is used by Xcode 'outputs' to avoid re-running this script phase.\necho \"SUCCESS\" > \"${SCRIPT_OUTPUT_FILE_0}\"\n";
			showEnvVarsInLog = 0;
		};
		C5AF10B412C7DB9332258008 /* [CP] Embed Pods Frameworks */ = {
			isa = PBXShellScriptBuildPhase;
			buildActionMask = 2147483647;
			files = (
			);
			inputFileListPaths = (
				"${PODS_ROOT}/Target Support Files/Pods-EcoNews/Pods-EcoNews-frameworks-${CONFIGURATION}-input-files.xcfilelist",
			);
			name = "[CP] Embed Pods Frameworks";
			outputFileListPaths = (
				"${PODS_ROOT}/Target Support Files/Pods-EcoNews/Pods-EcoNews-frameworks-${CONFIGURATION}-output-files.xcfilelist",
			);
			runOnlyForDeploymentPostprocessing = 0;
			shellPath = /bin/sh;
			shellScript = "\"${PODS_ROOT}/Target Support Files/Pods-EcoNews/Pods-EcoNews-frameworks.sh\"\n";
			showEnvVarsInLog = 0;
		};
/* End PBXShellScriptBuildPhase section */

/* Begin PBXSourcesBuildPhase section */
		9C3A584E2556A8F800DB29E0 /* Sources */ = {
			isa = PBXSourcesBuildPhase;
			buildActionMask = 2147483647;
			files = (
				9CC8EB82259D30DB009689E3 /* NewsLocation.swift in Sources */,
				9CC661D2259930E8006E08FC /* AuthorizationViewController.swift in Sources */,
				9C3A58562556A8F800DB29E0 /* AppDelegate.swift in Sources */,
				9CC661D5259930E8006E08FC /* WelcomePageViewController.swift in Sources */,
				9CC8EB4C259CE8C8009689E3 /* PartsOfNews.swift in Sources */,
				9CC661DE25993101006E08FC /* MapViewController.swift in Sources */,
				9CC8EB88259D3338009689E3 /* NewsViewController.swift in Sources */,
				9CC661ED2599316E006E08FC /* ProfileViewController.swift in Sources */,
				9CC661D4259930E8006E08FC /* SignUpControllerView.swift in Sources */,
			);
			runOnlyForDeploymentPostprocessing = 0;
		};
/* End PBXSourcesBuildPhase section */

/* Begin PBXVariantGroup section */
		9CC8EB95259D35CA009689E3 /* News.storyboard */ = {
			isa = PBXVariantGroup;
			children = (
				9CC8EB94259D35CA009689E3 /* Base */,
			);
			name = News.storyboard;
			sourceTree = "<group>";
		};
/* End PBXVariantGroup section */

/* Begin XCBuildConfiguration section */
		9C3A58642556A8FA00DB29E0 /* Debug */ = {
			isa = XCBuildConfiguration;
			buildSettings = {
				ALWAYS_SEARCH_USER_PATHS = NO;
				CLANG_ANALYZER_NONNULL = YES;
				CLANG_ANALYZER_NUMBER_OBJECT_CONVERSION = YES_AGGRESSIVE;
				CLANG_CXX_LANGUAGE_STANDARD = "gnu++14";
				CLANG_CXX_LIBRARY = "libc++";
				CLANG_ENABLE_MODULES = YES;
				CLANG_ENABLE_OBJC_ARC = YES;
				CLANG_ENABLE_OBJC_WEAK = YES;
				CLANG_WARN_BLOCK_CAPTURE_AUTORELEASING = YES;
				CLANG_WARN_BOOL_CONVERSION = YES;
				CLANG_WARN_COMMA = YES;
				CLANG_WARN_CONSTANT_CONVERSION = YES;
				CLANG_WARN_DEPRECATED_OBJC_IMPLEMENTATIONS = YES;
				CLANG_WARN_DIRECT_OBJC_ISA_USAGE = YES_ERROR;
				CLANG_WARN_DOCUMENTATION_COMMENTS = YES;
				CLANG_WARN_EMPTY_BODY = YES;
				CLANG_WARN_ENUM_CONVERSION = YES;
				CLANG_WARN_INFINITE_RECURSION = YES;
				CLANG_WARN_INT_CONVERSION = YES;
				CLANG_WARN_NON_LITERAL_NULL_CONVERSION = YES;
				CLANG_WARN_OBJC_IMPLICIT_RETAIN_SELF = YES;
				CLANG_WARN_OBJC_LITERAL_CONVERSION = YES;
				CLANG_WARN_OBJC_ROOT_CLASS = YES_ERROR;
				CLANG_WARN_QUOTED_INCLUDE_IN_FRAMEWORK_HEADER = YES;
				CLANG_WARN_RANGE_LOOP_ANALYSIS = YES;
				CLANG_WARN_STRICT_PROTOTYPES = YES;
				CLANG_WARN_SUSPICIOUS_MOVE = YES;
				CLANG_WARN_UNGUARDED_AVAILABILITY = YES_AGGRESSIVE;
				CLANG_WARN_UNREACHABLE_CODE = YES;
				CLANG_WARN__DUPLICATE_METHOD_MATCH = YES;
				COPY_PHASE_STRIP = NO;
				DEBUG_INFORMATION_FORMAT = dwarf;
				ENABLE_STRICT_OBJC_MSGSEND = YES;
				ENABLE_TESTABILITY = YES;
				GCC_C_LANGUAGE_STANDARD = gnu11;
				GCC_DYNAMIC_NO_PIC = NO;
				GCC_NO_COMMON_BLOCKS = YES;
				GCC_OPTIMIZATION_LEVEL = 0;
				GCC_PREPROCESSOR_DEFINITIONS = (
					"DEBUG=1",
					"$(inherited)",
				);
				GCC_WARN_64_TO_32_BIT_CONVERSION = YES;
				GCC_WARN_ABOUT_RETURN_TYPE = YES_ERROR;
				GCC_WARN_UNDECLARED_SELECTOR = YES;
				GCC_WARN_UNINITIALIZED_AUTOS = YES_AGGRESSIVE;
				GCC_WARN_UNUSED_FUNCTION = YES;
				GCC_WARN_UNUSED_VARIABLE = YES;
				IPHONEOS_DEPLOYMENT_TARGET = 14.1;
				MTL_ENABLE_DEBUG_INFO = INCLUDE_SOURCE;
				MTL_FAST_MATH = YES;
				ONLY_ACTIVE_ARCH = YES;
				SDKROOT = iphoneos;
				SWIFT_ACTIVE_COMPILATION_CONDITIONS = DEBUG;
				SWIFT_OPTIMIZATION_LEVEL = "-Onone";
			};
			name = Debug;
		};
		9C3A58652556A8FA00DB29E0 /* Release */ = {
			isa = XCBuildConfiguration;
			buildSettings = {
				ALWAYS_SEARCH_USER_PATHS = NO;
				CLANG_ANALYZER_NONNULL = YES;
				CLANG_ANALYZER_NUMBER_OBJECT_CONVERSION = YES_AGGRESSIVE;
				CLANG_CXX_LANGUAGE_STANDARD = "gnu++14";
				CLANG_CXX_LIBRARY = "libc++";
				CLANG_ENABLE_MODULES = YES;
				CLANG_ENABLE_OBJC_ARC = YES;
				CLANG_ENABLE_OBJC_WEAK = YES;
				CLANG_WARN_BLOCK_CAPTURE_AUTORELEASING = YES;
				CLANG_WARN_BOOL_CONVERSION = YES;
				CLANG_WARN_COMMA = YES;
				CLANG_WARN_CONSTANT_CONVERSION = YES;
				CLANG_WARN_DEPRECATED_OBJC_IMPLEMENTATIONS = YES;
				CLANG_WARN_DIRECT_OBJC_ISA_USAGE = YES_ERROR;
				CLANG_WARN_DOCUMENTATION_COMMENTS = YES;
				CLANG_WARN_EMPTY_BODY = YES;
				CLANG_WARN_ENUM_CONVERSION = YES;
				CLANG_WARN_INFINITE_RECURSION = YES;
				CLANG_WARN_INT_CONVERSION = YES;
				CLANG_WARN_NON_LITERAL_NULL_CONVERSION = YES;
				CLANG_WARN_OBJC_IMPLICIT_RETAIN_SELF = YES;
				CLANG_WARN_OBJC_LITERAL_CONVERSION = YES;
				CLANG_WARN_OBJC_ROOT_CLASS = YES_ERROR;
				CLANG_WARN_QUOTED_INCLUDE_IN_FRAMEWORK_HEADER = YES;
				CLANG_WARN_RANGE_LOOP_ANALYSIS = YES;
				CLANG_WARN_STRICT_PROTOTYPES = YES;
				CLANG_WARN_SUSPICIOUS_MOVE = YES;
				CLANG_WARN_UNGUARDED_AVAILABILITY = YES_AGGRESSIVE;
				CLANG_WARN_UNREACHABLE_CODE = YES;
				CLANG_WARN__DUPLICATE_METHOD_MATCH = YES;
				COPY_PHASE_STRIP = NO;
				DEBUG_INFORMATION_FORMAT = "dwarf-with-dsym";
				ENABLE_NS_ASSERTIONS = NO;
				ENABLE_STRICT_OBJC_MSGSEND = YES;
				GCC_C_LANGUAGE_STANDARD = gnu11;
				GCC_NO_COMMON_BLOCKS = YES;
				GCC_WARN_64_TO_32_BIT_CONVERSION = YES;
				GCC_WARN_ABOUT_RETURN_TYPE = YES_ERROR;
				GCC_WARN_UNDECLARED_SELECTOR = YES;
				GCC_WARN_UNINITIALIZED_AUTOS = YES_AGGRESSIVE;
				GCC_WARN_UNUSED_FUNCTION = YES;
				GCC_WARN_UNUSED_VARIABLE = YES;
				IPHONEOS_DEPLOYMENT_TARGET = 14.1;
				MTL_ENABLE_DEBUG_INFO = NO;
				MTL_FAST_MATH = YES;
				SDKROOT = iphoneos;
				SWIFT_COMPILATION_MODE = wholemodule;
				SWIFT_OPTIMIZATION_LEVEL = "-O";
				VALIDATE_PRODUCT = YES;
			};
			name = Release;
		};
		9C3A58672556A8FA00DB29E0 /* Debug */ = {
			isa = XCBuildConfiguration;
			baseConfigurationReference = F79222B7078F38E6F5636C05 /* Pods-EcoNews.debug.xcconfig */;
			buildSettings = {
				ASSETCATALOG_COMPILER_APPICON_NAME = AppIcon;
				ASSETCATALOG_COMPILER_GLOBAL_ACCENT_COLOR_NAME = AccentColor;
				CODE_SIGN_STYLE = Automatic;
				DEVELOPMENT_TEAM = WSGCJW9726;
				INFOPLIST_FILE = EcoNews/Info.plist;
				IPHONEOS_DEPLOYMENT_TARGET = 12.0;
				LD_RUNPATH_SEARCH_PATHS = (
					"$(inherited)",
					"@executable_path/Frameworks",
				);
				PRODUCT_BUNDLE_IDENTIFIER = GGame.EcoNews;
				PRODUCT_NAME = "$(TARGET_NAME)";
				SWIFT_VERSION = 5.0;
				TARGETED_DEVICE_FAMILY = "1,2";
			};
			name = Debug;
		};
		9C3A58682556A8FA00DB29E0 /* Release */ = {
			isa = XCBuildConfiguration;
			baseConfigurationReference = 7086BF47E1E672F2ABFBE096 /* Pods-EcoNews.release.xcconfig */;
			buildSettings = {
				ASSETCATALOG_COMPILER_APPICON_NAME = AppIcon;
				ASSETCATALOG_COMPILER_GLOBAL_ACCENT_COLOR_NAME = AccentColor;
				CODE_SIGN_STYLE = Automatic;
				DEVELOPMENT_TEAM = WSGCJW9726;
				INFOPLIST_FILE = EcoNews/Info.plist;
				IPHONEOS_DEPLOYMENT_TARGET = 12.0;
				LD_RUNPATH_SEARCH_PATHS = (
					"$(inherited)",
					"@executable_path/Frameworks",
				);
				PRODUCT_BUNDLE_IDENTIFIER = GGame.EcoNews;
				PRODUCT_NAME = "$(TARGET_NAME)";
				SWIFT_VERSION = 5.0;
				TARGETED_DEVICE_FAMILY = "1,2";
			};
			name = Release;
		};
/* End XCBuildConfiguration section */

/* Begin XCConfigurationList section */
		9C3A584D2556A8F800DB29E0 /* Build configuration list for PBXProject "EcoNews" */ = {
			isa = XCConfigurationList;
			buildConfigurations = (
				9C3A58642556A8FA00DB29E0 /* Debug */,
				9C3A58652556A8FA00DB29E0 /* Release */,
			);
			defaultConfigurationIsVisible = 0;
			defaultConfigurationName = Release;
		};
		9C3A58662556A8FA00DB29E0 /* Build configuration list for PBXNativeTarget "EcoNews" */ = {
			isa = XCConfigurationList;
			buildConfigurations = (
				9C3A58672556A8FA00DB29E0 /* Debug */,
				9C3A58682556A8FA00DB29E0 /* Release */,
			);
			defaultConfigurationIsVisible = 0;
			defaultConfigurationName = Release;
		};
/* End XCConfigurationList section */
	};
	rootObject = 9C3A584A2556A8F800DB29E0 /* Project object */;
}
